{
  "name": "npm-evidence-fixture",
  "version": "1.0.0",
  "lockfileVersion": 3,
  "packages": {
    "": { "name": "npm-evidence-fixture", "version": "1.0.0" },
    "node_modules/lodash": {
      "version": "4.17.21",
      "dependencies": { "tiny-helper": "1.0.0" }
    },
    "node_modules/tiny-helper": { "version": "1.0.0" },
    "node_modules/@scope/pkg": { "version": "1.2.3" },
    "node_modules/cjs-pkg": { "version": "1.0.0" },
    "node_modules/dynamic-pkg": { "version": "1.0.0" },
    "node_modules/export-pkg": { "version": "1.0.0" },
    "node_modules/no-evidence": { "version": "1.0.0" },
    "node_modules/vite": { "version": "7.0.0", "dev": true },
    "node_modules/vitest": { "version": "3.0.0", "dev": true },
    "node_modules/typescript": { "version": "5.0.0", "dev": true },
    "node_modules/@biomejs/biome": { "version": "2.0.0", "dev": true }
  }
}
