{
  "name": "workspace-context",
  "version": "1.0.0",
  "lockfileVersion": 3,
  "packages": {
    "": {
      "name": "workspace-context",
      "version": "1.0.0",
      "workspaces": ["packages/*"]
    },
    "packages/a": {
      "name": "a",
      "version": "1.0.0",
      "dependencies": { "shared": "1.0.0" }
    },
    "packages/a/node_modules/shared": {
      "version": "1.0.0"
    },
    "packages/b": {
      "name": "b",
      "version": "1.0.0",
      "dependencies": { "shared": "1.0.0" }
    },
    "packages/b/node_modules/shared": {
      "version": "1.0.0"
    }
  }
}
