{
  "name": "npm-multiple-fixture",
  "version": "1.0.0",
  "lockfileVersion": 3,
  "packages": {
    "": {
      "name": "npm-multiple-fixture",
      "version": "1.0.0"
    },
    "node_modules/a": {
      "version": "1.0.0",
      "dependencies": {
        "shared": "2.0.0"
      }
    },
    "node_modules/a/node_modules/shared": {
      "version": "2.0.0"
    },
    "node_modules/b": {
      "version": "1.0.0",
      "dependencies": {
        "shared": "1.0.0"
      }
    },
    "node_modules/b/node_modules/shared": {
      "version": "1.0.0"
    },
    "node_modules/shared": {
      "version": "1.0.0"
    }
  }
}
