{
  "name": "npm-workspace-fixture",
  "version": "1.0.0",
  "lockfileVersion": 3,
  "packages": {
    "": {
      "name": "npm-workspace-fixture",
      "version": "1.0.0",
      "workspaces": ["packages/*"],
      "dependencies": {
        "app": "workspace:*",
        "minimist": "1.2.5"
      }
    },
    "node_modules/app": {
      "resolved": "packages/app",
      "link": true
    },
    "node_modules/is-number": {
      "version": "6.0.0"
    },
    "node_modules/is-odd": {
      "version": "3.0.1",
      "dependencies": {
        "is-number": "^6.0.0"
      }
    },
    "node_modules/minimist": {
      "version": "1.2.5"
    },
    "packages/app": {
      "name": "app",
      "version": "1.0.0",
      "dependencies": {
        "is-odd": "3.0.1"
      }
    }
  }
}
